
Microsoft Visual Studio Solution File, Format Version 12.00
# Visual Studio Version 17
VisualStudioVersion = 17.10.34916.146
MinimumVisualStudioVersion = 10.0.40219.1
Project("{2150E333-8FDC-42A3-9474-1A3956D46DE8}") = "Src", "Src", "{4514CC8D-DDA1-40E2-AAAD-71DB3D0FDAC2}"
EndProject
Project("{2150E333-8FDC-42A3-9474-1A3956D46DE8}") = "Test", "Test", "{7AD0B102-ECC1-494E-863F-F8D613C594CF}"
EndProject
Project("{2150E333-8FDC-42A3-9474-1A3956D46DE8}") = "Core", "Core", "{97CB19F8-9EA5-45F5-B482-125666BC24FA}"
EndProject
Project("{2150E333-8FDC-42A3-9474-1A3956D46DE8}") = "Infrastructure", "Infrastructure", "{EC40F4ED-B176-4483-B0C4-38B4F17395D2}"
EndProject
Project("{2150E333-8FDC-42A3-9474-1A3956D46DE8}") = "UI", "UI", "{84329D30-9CB7-480E-BDC7-F9EFF118BD8C}"
EndProject
Project("{9A19103F-16F7-4668-BE54-9A1E7A4F7556}") = "Domain", "Domain\Domain.csproj", "{2410C42B-4142-4FC5-A526-FCD2C23E6254}"
EndProject
Project("{9A19103F-16F7-4668-BE54-9A1E7A4F7556}") = "Application", "Application\Application.csproj", "{07F07B4D-A72C-4F5E-ADEA-416B14129959}"
EndProject
Project("{9A19103F-16F7-4668-BE54-9A1E7A4F7556}") = "Infrastructure", "Infrastructure\Infrastructure.csproj", "{3DD3A5EF-3F8F-4FBD-824D-5F4E968BDAB6}"
EndProject
Project("{9A19103F-16F7-4668-BE54-9A1E7A4F7556}") = "Persistence", "Persistence\Persistence.csproj", "{6AB4405E-E708-4BF0-B322-5D512A1B41DD}"
EndProject
Project("{2150E333-8FDC-42A3-9474-1A3956D46DE8}") = "Api", "Api", "{F91BD19D-DAFB-4D65-AB40-F53FC1F3E867}"
EndProject
Project("{9A19103F-16F7-4668-BE54-9A1E7A4F7556}") = "Api", "Api\Api.csproj", "{8F4B9F3A-256F-4EC4-A179-DFA3D2109B7F}"
EndProject
Project("{FAE04EC0-301F-11D3-BF4B-00C04F79EFBC}") = "Application.UnitTests", "Application.UnitTests\Application.UnitTests.csproj", "{FE329DF6-3C77-4707-A21F-DE712ADBF7E3}"
EndProject
Project("{FAE04EC0-301F-11D3-BF4B-00C04F79EFBC}") = "MVC", "MVC\MVC.csproj", "{9EC802BC-7E3E-4D49-87E0-53E3E02A078C}"
EndProject
Global
	GlobalSection(SolutionConfigurationPlatforms) = preSolution
		Debug|Any CPU = Debug|Any CPU
		Release|Any CPU = Release|Any CPU
	EndGlobalSection
	GlobalSection(ProjectConfigurationPlatforms) = postSolution
		{2410C42B-4142-4FC5-A526-FCD2C23E6254}.Debug|Any CPU.ActiveCfg = Debug|Any CPU
		{2410C42B-4142-4FC5-A526-FCD2C23E6254}.Debug|Any CPU.Build.0 = Debug|Any CPU
		{2410C42B-4142-4FC5-A526-FCD2C23E6254}.Release|Any CPU.ActiveCfg = Release|Any CPU
		{2410C42B-4142-4FC5-A526-FCD2C23E6254}.Release|Any CPU.Build.0 = Release|Any CPU
		{07F07B4D-A72C-4F5E-ADEA-416B14129959}.Debug|Any CPU.ActiveCfg = Debug|Any CPU
		{07F07B4D-A72C-4F5E-ADEA-416B14129959}.Debug|Any CPU.Build.0 = Debug|Any CPU
		{07F07B4D-A72C-4F5E-ADEA-416B14129959}.Release|Any CPU.ActiveCfg = Release|Any CPU
		{07F07B4D-A72C-4F5E-ADEA-416B14129959}.Release|Any CPU.Build.0 = Release|Any CPU
		{3DD3A5EF-3F8F-4FBD-824D-5F4E968BDAB6}.Debug|Any CPU.ActiveCfg = Debug|Any CPU
		{3DD3A5EF-3F8F-4FBD-824D-5F4E968BDAB6}.Debug|Any CPU.Build.0 = Debug|Any CPU
		{3DD3A5EF-3F8F-4FBD-824D-5F4E968BDAB6}.Release|Any CPU.ActiveCfg = Release|Any CPU
		{3DD3A5EF-3F8F-4FBD-824D-5F4E968BDAB6}.Release|Any CPU.Build.0 = Release|Any CPU
		{6AB4405E-E708-4BF0-B322-5D512A1B41DD}.Debug|Any CPU.ActiveCfg = Debug|Any CPU
		{6AB4405E-E708-4BF0-B322-5D512A1B41DD}.Debug|Any CPU.Build.0 = Debug|Any CPU
		{6AB4405E-E708-4BF0-B322-5D512A1B41DD}.Release|Any CPU.ActiveCfg = Release|Any CPU
		{6AB4405E-E708-4BF0-B322-5D512A1B41DD}.Release|Any CPU.Build.0 = Release|Any CPU
		{8F4B9F3A-256F-4EC4-A179-DFA3D2109B7F}.Debug|Any CPU.ActiveCfg = Debug|Any CPU
		{8F4B9F3A-256F-4EC4-A179-DFA3D2109B7F}.Debug|Any CPU.Build.0 = Debug|Any CPU
		{8F4B9F3A-256F-4EC4-A179-DFA3D2109B7F}.Release|Any CPU.ActiveCfg = Release|Any CPU
		{8F4B9F3A-256F-4EC4-A179-DFA3D2109B7F}.Release|Any CPU.Build.0 = Release|Any CPU
		{FE329DF6-3C77-4707-A21F-DE712ADBF7E3}.Debug|Any CPU.ActiveCfg = Debug|Any CPU
		{FE329DF6-3C77-4707-A21F-DE712ADBF7E3}.Debug|Any CPU.Build.0 = Debug|Any CPU
		{FE329DF6-3C77-4707-A21F-DE712ADBF7E3}.Release|Any CPU.ActiveCfg = Release|Any CPU
		{FE329DF6-3C77-4707-A21F-DE712ADBF7E3}.Release|Any CPU.Build.0 = Release|Any CPU
		{9EC802BC-7E3E-4D49-87E0-53E3E02A078C}.Debug|Any CPU.ActiveCfg = Debug|Any CPU
		{9EC802BC-7E3E-4D49-87E0-53E3E02A078C}.Debug|Any CPU.Build.0 = Debug|Any CPU
		{9EC802BC-7E3E-4D49-87E0-53E3E02A078C}.Release|Any CPU.ActiveCfg = Release|Any CPU
		{9EC802BC-7E3E-4D49-87E0-53E3E02A078C}.Release|Any CPU.Build.0 = Release|Any CPU
	EndGlobalSection
	GlobalSection(SolutionProperties) = preSolution
		HideSolutionNode = FALSE
	EndGlobalSection
	GlobalSection(NestedProjects) = preSolution
		{97CB19F8-9EA5-45F5-B482-125666BC24FA} = {4514CC8D-DDA1-40E2-AAAD-71DB3D0FDAC2}
		{EC40F4ED-B176-4483-B0C4-38B4F17395D2} = {4514CC8D-DDA1-40E2-AAAD-71DB3D0FDAC2}
		{84329D30-9CB7-480E-BDC7-F9EFF118BD8C} = {4514CC8D-DDA1-40E2-AAAD-71DB3D0FDAC2}
		{2410C42B-4142-4FC5-A526-FCD2C23E6254} = {97CB19F8-9EA5-45F5-B482-125666BC24FA}
		{07F07B4D-A72C-4F5E-ADEA-416B14129959} = {97CB19F8-9EA5-45F5-B482-125666BC24FA}
		{3DD3A5EF-3F8F-4FBD-824D-5F4E968BDAB6} = {EC40F4ED-B176-4483-B0C4-38B4F17395D2}
		{6AB4405E-E708-4BF0-B322-5D512A1B41DD} = {EC40F4ED-B176-4483-B0C4-38B4F17395D2}
		{F91BD19D-DAFB-4D65-AB40-F53FC1F3E867} = {4514CC8D-DDA1-40E2-AAAD-71DB3D0FDAC2}
		{8F4B9F3A-256F-4EC4-A179-DFA3D2109B7F} = {F91BD19D-DAFB-4D65-AB40-F53FC1F3E867}
		{FE329DF6-3C77-4707-A21F-DE712ADBF7E3} = {7AD0B102-ECC1-494E-863F-F8D613C594CF}
		{9EC802BC-7E3E-4D49-87E0-53E3E02A078C} = {84329D30-9CB7-480E-BDC7-F9EFF118BD8C}
	EndGlobalSection
	GlobalSection(ExtensibilityGlobals) = postSolution
		SolutionGuid = {31FBDC91-3686-4707-BA41-228F014207AB}
	EndGlobalSection
EndGlobal
